
Microsoft Visual Studio Solution File, Format Version 12.00
# Visual Studio 2013
VisualStudioVersion = 12.0.21005.1
MinimumVisualStudioVersion = 10.0.40219.1
Project("{FAE04EC0-301F-11D3-BF4B-00C04F79EFBC}") = "Apex7000_BillValidator", "Apex7000_BillValidator\Apex7000_BillValidator.csproj", "{735220BB-D8E8-4E21-80D9-AEA6E41B13ED}"
EndProject
Project("{FAE04EC0-301F-11D3-BF4B-00C04F79EFBC}") = "Apex7000_BillValidator_Test", "Apex7000_BillValidator_Test\Apex7000_BillValidator_Test.csproj", "{AB3A48C8-4996-4E45-8DE9-2F960D22C27F}"
EndProject
Global
	GlobalSection(SolutionConfigurationPlatforms) = preSolution
		Debug|Any CPU = Debug|Any CPU
		Release|Any CPU = Release|Any CPU
	EndGlobalSection
	GlobalSection(ProjectConfigurationPlatforms) = postSolution
		{735220BB-D8E8-4E21-80D9-AEA6E41B13ED}.Debug|Any CPU.ActiveCfg = Debug|Any CPU
		{735220BB-D8E8-4E21-80D9-AEA6E41B13ED}.Debug|Any CPU.Build.0 = Debug|Any CPU
		{735220BB-D8E8-4E21-80D9-AEA6E41B13ED}.Release|Any CPU.ActiveCfg = Release|Any CPU
		{735220BB-D8E8-4E21-80D9-AEA6E41B13ED}.Release|Any CPU.Build.0 = Release|Any CPU
		{AB3A48C8-4996-4E45-8DE9-2F960D22C27F}.Debug|Any CPU.ActiveCfg = Debug|Any CPU
		{AB3A48C8-4996-4E45-8DE9-2F960D22C27F}.Debug|Any CPU.Build.0 = Debug|Any CPU
		{AB3A48C8-4996-4E45-8DE9-2F960D22C27F}.Release|Any CPU.ActiveCfg = Release|Any CPU
		{AB3A48C8-4996-4E45-8DE9-2F960D22C27F}.Release|Any CPU.Build.0 = Release|Any CPU
	EndGlobalSection
	GlobalSection(SolutionProperties) = preSolution
		HideSolutionNode = FALSE
	EndGlobalSection
EndGlobal
